
Microsoft Visual Studio Solution File, Format Version 12.00
# Visual Studio Version 16
VisualStudioVersion = 16.0.29613.14
MinimumVisualStudioVersion = 10.0.40219.1
Project("{FAE04EC0-301F-11D3-BF4B-00C04F79EFBC}") = "TMS.Haidul", "TMS.Haidul\TMS.Haidul.csproj", "{9A6A40C1-6A56-4D3B-8FC7-A531B147E437}"
EndProject
Global
	GlobalSection(SolutionConfigurationPlatforms) = preSolution
		Debug|Any CPU = Debug|Any CPU
		Release|Any CPU = Release|Any CPU
	EndGlobalSection
	GlobalSection(ProjectConfigurationPlatforms) = postSolution
		{9A6A40C1-6A56-4D3B-8FC7-A531B147E437}.Debug|Any CPU.ActiveCfg = Debug|Any CPU
		{9A6A40C1-6A56-4D3B-8FC7-A531B147E437}.Debug|Any CPU.Build.0 = Debug|Any CPU
		{9A6A40C1-6A56-4D3B-8FC7-A531B147E437}.Release|Any CPU.ActiveCfg = Release|Any CPU
		{9A6A40C1-6A56-4D3B-8FC7-A531B147E437}.Release|Any CPU.Build.0 = Release|Any CPU
	EndGlobalSection
	GlobalSection(SolutionProperties) = preSolution
		HideSolutionNode = FALSE
	EndGlobalSection
	GlobalSection(ExtensibilityGlobals) = postSolution
		SolutionGuid = {124EC354-246B-43A9-9ABA-E1E7BE57831F}
	EndGlobalSection
EndGlobal
